
Microsoft Visual Studio Solution File, Format Version 12.00
# Visual Studio 15
VisualStudioVersion = 15.0.28307.852
MinimumVisualStudioVersion = 10.0.40219.1
Project("{8BC9CEB8-8B4A-11D0-8D11-00A0C91BC942}") = "ResourceManagerRTS", "ResourceManagerRTS\ResourceManagerRTS.vcxproj", "{828B1DB9-1C46-4FAD-B257-2646A1EF6413}"
EndProject
Global
	GlobalSection(SolutionConfigurationPlatforms) = preSolution
		Debug|x64 = Debug|x64
		Debug|x86 = Debug|x86
		Release|x64 = Release|x64
		Release|x86 = Release|x86
	EndGlobalSection
	GlobalSection(ProjectConfigurationPlatforms) = postSolution
		{828B1DB9-1C46-4FAD-B257-2646A1EF6413}.Debug|x64.ActiveCfg = Debug|x64
		{828B1DB9-1C46-4FAD-B257-2646A1EF6413}.Debug|x64.Build.0 = Debug|x64
		{828B1DB9-1C46-4FAD-B257-2646A1EF6413}.Debug|x86.ActiveCfg = Debug|Win32
		{828B1DB9-1C46-4FAD-B257-2646A1EF6413}.Debug|x86.Build.0 = Debug|Win32
		{828B1DB9-1C46-4FAD-B257-2646A1EF6413}.Release|x64.ActiveCfg = Release|x64
		{828B1DB9-1C46-4FAD-B257-2646A1EF6413}.Release|x64.Build.0 = Release|x64
		{828B1DB9-1C46-4FAD-B257-2646A1EF6413}.Release|x86.ActiveCfg = Release|Win32
		{828B1DB9-1C46-4FAD-B257-2646A1EF6413}.Release|x86.Build.0 = Release|Win32
	EndGlobalSection
	GlobalSection(SolutionProperties) = preSolution
		HideSolutionNode = FALSE
	EndGlobalSection
	GlobalSection(ExtensibilityGlobals) = postSolution
		SolutionGuid = {A47AAF0C-64BE-4752-9D03-472DA8E9979B}
	EndGlobalSection
EndGlobal
